<?xml version="1.0" encoding="utf-8"?>
<Project ToolsVersion="4.0" xmlns="http://schemas.microsoft.com/developer/msbuild/2003">
  <ItemGroup>
    <Filter Include="Source Files">
      <UniqueIdentifier>{4FC737F1-C7A5-4376-A066-2A32D752A2FF}</UniqueIdentifier>
      <Extensions>cpp;c;cc;cxx;def;odl;idl;hpj;bat;asm;asmx</Extensions>
    </Filter>
    <Filter Include="Header Files">
      <UniqueIdentifier>{93995380-89BD-4b04-88EB-625FBE52EBFB}</UniqueIdentifier>
      <Extensions>h;hh;hpp;hxx;hm;inl;inc;xsd</Extensions>
    </Filter>
    <Filter Include="Resource Files">
      <UniqueIdentifier>{67DA6AB6-F800-4c08-8B7A-83BB121AAD01}</UniqueIdentifier>
      <Extensions>rc;ico;cur;bmp;dlg;rc2;rct;bin;rgs;gif;jpg;jpeg;jpe;resx;tiff;tif;png;wav;mfcribbon-ms</Extensions>
    </Filter>
  </ItemGroup>
  <ItemGroup>
    <ClInclude Include="resource.h">
      <Filter>Header Files</Filter>
    </ClInclude>
    <ClInclude Include="accum.h">
      <Filter>Header Files</Filter>
    </ClInclude>
    <ClInclude Include="advmath.h">
      <Filter>Header Files</Filter>
    </ClInclude>
    <ClInclude Include="allocationunit.h">
      <Filter>Header Files</Filter>
    </ClInclude>
    <ClInclude Include="arraydic.h">
      <Filter>Header Files</Filter>
    </ClInclude>
    <ClInclude Include="assoc.h">
      <Filter>Header Files</Filter>
    </ClInclude>
    <ClInclude Include="bgparray.h">
      <Filter>Header Files</Filter>
    </ClInclude>
    <ClInclude Include="bgvarray.h">
      <Filter>Header Files</Filter>
    </ClInclude>
    <ClInclude Include="category.h">
      <Filter>Header Files</Filter>
    </ClInclude>
    <ClInclude Include="cmdefs.h">
      <Filter>Header Files</Filter>
    </ClInclude>
    <ClInclude Include="cmlib.h">
      <Filter>Header Files</Filter>
    </ClInclude>
    <ClInclude Include="cmstring.h">
      <Filter>Header Files</Filter>
    </ClInclude>
    <ClInclude Include="cmtime.h">
      <Filter>Header Files</Filter>
    </ClInclude>
    <ClInclude Include="control.h">
      <Filter>Header Files</Filter>
    </ClInclude>
    <ClInclude Include="defines.h">
      <Filter>Header Files</Filter>
    </ClInclude>
    <ClInclude Include="expresn.h">
      <Filter>Header Files</Filter>
    </ClInclude>
    <ClInclude Include="fifo.h">
      <Filter>Header Files</Filter>
    </ClInclude>
    <ClInclude Include="function.h">
      <Filter>Header Files</Filter>
    </ClInclude>
    <ClInclude Include="indexsel.h">
      <Filter>Header Files</Filter>
    </ClInclude>
    <ClInclude Include="interval.h">
      <Filter>Header Files</Filter>
    </ClInclude>
    <ClInclude Include="irp.h">
      <Filter>Header Files</Filter>
    </ClInclude>
    <ClInclude Include="irpapp.h">
      <Filter>Header Files</Filter>
    </ClInclude>
    <ClInclude Include="irpobject.h">
      <Filter>Header Files</Filter>
    </ClInclude>
    <ClInclude Include="matrix.h">
      <Filter>Header Files</Filter>
    </ClInclude>
    <ClInclude Include="node.h">
      <Filter>Header Files</Filter>
    </ClInclude>
    <ClInclude Include="ntuple.h">
      <Filter>Header Files</Filter>
    </ClInclude>
    <ClInclude Include="options.h">
      <Filter>Header Files</Filter>
    </ClInclude>
    <ClInclude Include="phashdic.h">
      <Filter>Header Files</Filter>
    </ClInclude>
    <ClInclude Include="polynom.h">
      <Filter>Header Files</Filter>
    </ClInclude>
    <ClInclude Include="queue.h">
      <Filter>Header Files</Filter>
    </ClInclude>
    <ClInclude Include="random.h">
      <Filter>Header Files</Filter>
    </ClInclude>
    <ClInclude Include="regions.h">
      <Filter>Header Files</Filter>
    </ClInclude>
    <ClInclude Include="reliab.h">
      <Filter>Header Files</Filter>
    </ClInclude>
    <ClInclude Include="savesim.h">
      <Filter>Header Files</Filter>
    </ClInclude>
    <ClInclude Include="savesima.h">
      <Filter>Header Files</Filter>
    </ClInclude>
    <ClInclude Include="scenario.h">
      <Filter>Header Files</Filter>
    </ClInclude>
    <ClInclude Include="script.h">
      <Filter>Header Files</Filter>
    </ClInclude>
    <ClInclude Include="simarray.h">
      <Filter>Header Files</Filter>
    </ClInclude>
    <ClInclude Include="simulat.h">
      <Filter>Header Files</Filter>
    </ClInclude>
    <ClInclude Include="smparray.h">
      <Filter>Header Files</Filter>
    </ClInclude>
    <ClInclude Include="smvarray.h">
      <Filter>Header Files</Filter>
    </ClInclude>
    <ClInclude Include="StdAfx.h">
      <Filter>Header Files</Filter>
    </ClInclude>
    <ClInclude Include="strval.h">
      <Filter>Header Files</Filter>
    </ClInclude>
    <ClInclude Include="timedexp.h">
      <Filter>Header Files</Filter>
    </ClInclude>
    <ClInclude Include="timemach.h">
      <Filter>Header Files</Filter>
    </ClInclude>
    <ClInclude Include="tmarray.h">
      <Filter>Header Files</Filter>
    </ClInclude>
    <ClInclude Include="token.h">
      <Filter>Header Files</Filter>
    </ClInclude>
    <ClInclude Include="units.h">
      <Filter>Header Files</Filter>
    </ClInclude>
    <ClInclude Include="varcol.h">
      <Filter>Header Files</Filter>
    </ClInclude>
    <ClInclude Include="varconst.h">
      <Filter>Header Files</Filter>
    </ClInclude>
    <ClInclude Include="vardesc.h">
      <Filter>Header Files</Filter>
    </ClInclude>
    <ClInclude Include="variable.h">
      <Filter>Header Files</Filter>
    </ClInclude>
    <ClInclude Include="varray.h">
      <Filter>Header Files</Filter>
    </ClInclude>
    <ClInclude Include="vartypes.h">
      <Filter>Header Files</Filter>
    </ClInclude>
    <ClInclude Include="vperiod.h">
      <Filter>Header Files</Filter>
    </ClInclude>
    <ClInclude Include="vsingexp.h">
      <Filter>Header Files</Filter>
    </ClInclude>
    <ClInclude Include="vsystem.h">
      <Filter>Header Files</Filter>
    </ClInclude>
    <ClInclude Include="vtable.h">
      <Filter>Header Files</Filter>
    </ClInclude>
    <ClInclude Include="vtime.h">
      <Filter>Header Files</Filter>
    </ClInclude>
    <ClInclude Include="vtimevar.h">
      <Filter>Header Files</Filter>
    </ClInclude>
    <ClInclude Include="notify.h">
      <Filter>Header Files</Filter>
    </ClInclude>
    <ClInclude Include="realizations.h">
      <Filter>Header Files</Filter>
    </ClInclude>
    <ClInclude Include="zip.h">
      <Filter>Header Files</Filter>
    </ClInclude>
  </ItemGroup>
  <ItemGroup>
    <ClCompile Include="accum.cpp">
      <Filter>Source Files</Filter>
    </ClCompile>
    <ClCompile Include="advmath.cpp">
      <Filter>Source Files</Filter>
    </ClCompile>
    <ClCompile Include="allocationunit.cpp">
      <Filter>Source Files</Filter>
    </ClCompile>
    <ClCompile Include="assoc.cpp">
      <Filter>Source Files</Filter>
    </ClCompile>
    <ClCompile Include="category.cpp">
      <Filter>Source Files</Filter>
    </ClCompile>
    <ClCompile Include="cmlib.cpp">
      <Filter>Source Files</Filter>
    </ClCompile>
    <ClCompile Include="cmstring.cpp">
      <Filter>Source Files</Filter>
    </ClCompile>
    <ClCompile Include="cmtime.cpp">
      <Filter>Source Files</Filter>
    </ClCompile>
    <ClCompile Include="control.cpp">
      <Filter>Source Files</Filter>
    </ClCompile>
    <ClCompile Include="defines.cpp">
      <Filter>Source Files</Filter>
    </ClCompile>
    <ClCompile Include="expresn.cpp">
      <Filter>Source Files</Filter>
    </ClCompile>
    <ClCompile Include="fifo.cpp">
      <Filter>Source Files</Filter>
    </ClCompile>
    <ClCompile Include="function.cpp">
      <Filter>Source Files</Filter>
    </ClCompile>
    <ClCompile Include="indexsel.cpp">
      <Filter>Source Files</Filter>
    </ClCompile>
    <ClCompile Include="interval.cpp">
      <Filter>Source Files</Filter>
    </ClCompile>
    <ClCompile Include="irpapp.cpp">
      <Filter>Source Files</Filter>
    </ClCompile>
    <ClCompile Include="irpobject.cpp">
      <Filter>Source Files</Filter>
    </ClCompile>
    <ClCompile Include="matrix.cpp">
      <Filter>Source Files</Filter>
    </ClCompile>
    <ClCompile Include="node.cpp">
      <Filter>Source Files</Filter>
    </ClCompile>
    <ClCompile Include="ntuple.cpp">
      <Filter>Source Files</Filter>
    </ClCompile>
    <ClCompile Include="options.cpp">
      <Filter>Source Files</Filter>
    </ClCompile>
    <ClCompile Include="polynom.cpp">
      <Filter>Source Files</Filter>
    </ClCompile>
    <ClCompile Include="queue.cpp">
      <Filter>Source Files</Filter>
    </ClCompile>
    <ClCompile Include="random.cpp">
      <Filter>Source Files</Filter>
    </ClCompile>
    <ClCompile Include="regions.cpp">
      <Filter>Source Files</Filter>
    </ClCompile>
    <ClCompile Include="reliab.cpp">
      <Filter>Source Files</Filter>
    </ClCompile>
    <ClCompile Include="savesim.cpp">
      <Filter>Source Files</Filter>
    </ClCompile>
    <ClCompile Include="savesima.cpp">
      <Filter>Source Files</Filter>
    </ClCompile>
    <ClCompile Include="scenario.cpp">
      <Filter>Source Files</Filter>
    </ClCompile>
    <ClCompile Include="script.cpp">
      <Filter>Source Files</Filter>
    </ClCompile>
    <ClCompile Include="simarray.cpp">
      <Filter>Source Files</Filter>
    </ClCompile>
    <ClCompile Include="simulat.cpp">
      <Filter>Source Files</Filter>
    </ClCompile>
    <ClCompile Include="StdAfx.cpp">
      <Filter>Source Files</Filter>
    </ClCompile>
    <ClCompile Include="timemach.cpp">
      <Filter>Source Files</Filter>
    </ClCompile>
    <ClCompile Include="tmarray.cpp">
      <Filter>Source Files</Filter>
    </ClCompile>
    <ClCompile Include="token.cpp">
      <Filter>Source Files</Filter>
    </ClCompile>
    <ClCompile Include="units.cpp">
      <Filter>Source Files</Filter>
    </ClCompile>
    <ClCompile Include="varcol.cpp">
      <Filter>Source Files</Filter>
    </ClCompile>
    <ClCompile Include="varconst.cpp">
      <Filter>Source Files</Filter>
    </ClCompile>
    <ClCompile Include="vardesc.cpp">
      <Filter>Source Files</Filter>
    </ClCompile>
    <ClCompile Include="variable.cpp">
      <Filter>Source Files</Filter>
    </ClCompile>
    <ClCompile Include="varray.cpp">
      <Filter>Source Files</Filter>
    </ClCompile>
    <ClCompile Include="vartypes.cpp">
      <Filter>Source Files</Filter>
    </ClCompile>
    <ClCompile Include="vmake.cpp">
      <Filter>Source Files</Filter>
    </ClCompile>
    <ClCompile Include="vperiod.cpp">
      <Filter>Source Files</Filter>
    </ClCompile>
    <ClCompile Include="vsingexp.cpp">
      <Filter>Source Files</Filter>
    </ClCompile>
    <ClCompile Include="vsystem.cpp">
      <Filter>Source Files</Filter>
    </ClCompile>
    <ClCompile Include="vtable.cpp">
      <Filter>Source Files</Filter>
    </ClCompile>
    <ClCompile Include="vtime.cpp">
      <Filter>Source Files</Filter>
    </ClCompile>
    <ClCompile Include="vtimevar.cpp">
      <Filter>Source Files</Filter>
    </ClCompile>
    <ClCompile Include="notify.cpp">
      <Filter>Source Files</Filter>
    </ClCompile>
    <ClCompile Include="realizations.cpp">
      <Filter>Source Files</Filter>
    </ClCompile>
    <ClCompile Include="zip.cpp">
      <Filter>Source Files</Filter>
    </ClCompile>
  </ItemGroup>
  <ItemGroup>
    <Text Include="ReadMe.txt" />
  </ItemGroup>
  <ItemGroup>
    <ResourceCompile Include="app.rc">
      <Filter>Resource Files</Filter>
    </ResourceCompile>
  </ItemGroup>
  <ItemGroup>
    <Image Include="app.ico">
      <Filter>Resource Files</Filter>
    </Image>
  </ItemGroup>
</Project>